// !$*UTF8*$!
{
	archiveVersion = 1;
	classes = {
	};
	objectVersion = 46;
	objects = {

/* Begin PBXBuildFile section */
		106BE8F42074D6D26C78D34C /* libPods-MMImagePicker.a in Frameworks */ = {isa = PBXBuildFile; fileRef = 15D65069BC6653803D30A747 /* libPods-MMImagePicker.a */; };
		A21AB6141F3AB65D004DA5AB /* main.m in Sources */ = {isa = PBXBuildFile; fileRef = A21AB6131F3AB65D004DA5AB /* main.m */; };
		A21AB6171F3AB65D004DA5AB /* AppDelegate.m in Sources */ = {isa = PBXBuildFile; fileRef = A21AB6161F3AB65D004DA5AB /* AppDelegate.m */; };
		A21AB61A1F3AB65D004DA5AB /* ViewController.m in Sources */ = {isa = PBXBuildFile; fileRef = A21AB6191F3AB65D004DA5AB /* ViewController.m */; };
		A21AB61D1F3AB65D004DA5AB /* Main.storyboard in Resources */ = {isa = PBXBuildFile; fileRef = A21AB61B1F3AB65D004DA5AB /* Main.storyboard */; };
		A21AB61F1F3AB65D004DA5AB /* Assets.xcassets in Resources */ = {isa = PBXBuildFile; fileRef = A21AB61E1F3AB65D004DA5AB /* Assets.xcassets */; };
		A21AB6221F3AB65D004DA5AB /* LaunchScreen.storyboard in Resources */ = {isa = PBXBuildFile; fileRef = A21AB6201F3AB65D004DA5AB /* LaunchScreen.storyboard */; };
		A21AB62F1F3AB99A004DA5AB /* MMPictureCell.m in Sources */ = {isa = PBXBuildFile; fileRef = A21AB62E1F3AB99A004DA5AB /* MMPictureCell.m */; };
		A21AB6361F3AD6F4004DA5AB /* ALAsset+MMIPC.m in Sources */ = {isa = PBXBuildFile; fileRef = A21AB6351F3AD6F4004DA5AB /* ALAsset+MMIPC.m */; };
		A21AB6391F3AD9E2004DA5AB /* AssetHelper.m in Sources */ = {isa = PBXBuildFile; fileRef = A21AB6381F3AD9E2004DA5AB /* AssetHelper.m */; };
		A21AB63E1F3B02B1004DA5AB /* MMImagePickerCell.m in Sources */ = {isa = PBXBuildFile; fileRef = A21AB63D1F3B02B1004DA5AB /* MMImagePickerCell.m */; };
		A21AB6421F3B09B7004DA5AB /* UIColor+MM.m in Sources */ = {isa = PBXBuildFile; fileRef = A21AB6411F3B09B7004DA5AB /* UIColor+MM.m */; };
		A21AB6451F3B2CC3004DA5AB /* MMImagePickerViewController.m in Sources */ = {isa = PBXBuildFile; fileRef = A21AB6441F3B2CC3004DA5AB /* MMImagePickerViewController.m */; };
		A21AB6481F3B3AC3004DA5AB /* MMPreviewImageCell.m in Sources */ = {isa = PBXBuildFile; fileRef = A21AB6471F3B3AC3004DA5AB /* MMPreviewImageCell.m */; };
		A26717261F3D832C0088204C /* MMImageView.m in Sources */ = {isa = PBXBuildFile; fileRef = A26717251F3D832C0088204C /* MMImageView.m */; };
		A26717281F3D87590088204C /* Accelerate.framework in Frameworks */ = {isa = PBXBuildFile; fileRef = A26717271F3D87590088204C /* Accelerate.framework */; };
		A267172B1F3D89370088204C /* NSString+MM.m in Sources */ = {isa = PBXBuildFile; fileRef = A267172A1F3D89370088204C /* NSString+MM.m */; };
		A267172E1F3DA59A0088204C /* MMAssistant.m in Sources */ = {isa = PBXBuildFile; fileRef = A267172D1F3DA59A0088204C /* MMAssistant.m */; };
		A2EE03E91F3BF1890004C78D /* YH_PhotoInfo.m in Sources */ = {isa = PBXBuildFile; fileRef = A2EE03E81F3BF1890004C78D /* YH_PhotoInfo.m */; };
/* End PBXBuildFile section */

/* Begin PBXFileReference section */
		15D65069BC6653803D30A747 /* libPods-MMImagePicker.a */ = {isa = PBXFileReference; explicitFileType = archive.ar; includeInIndex = 0; path = "libPods-MMImagePicker.a"; sourceTree = BUILT_PRODUCTS_DIR; };
		5DC4C15AC5E5DD05844A6B0A /* Pods-MMImagePicker.debug.xcconfig */ = {isa = PBXFileReference; includeInIndex = 1; lastKnownFileType = text.xcconfig; name = "Pods-MMImagePicker.debug.xcconfig"; path = "Pods/Target Support Files/Pods-MMImagePicker/Pods-MMImagePicker.debug.xcconfig"; sourceTree = "<group>"; };
		A21AB60F1F3AB65D004DA5AB /* MMImagePicker.app */ = {isa = PBXFileReference; explicitFileType = wrapper.application; includeInIndex = 0; path = MMImagePicker.app; sourceTree = BUILT_PRODUCTS_DIR; };
		A21AB6131F3AB65D004DA5AB /* main.m */ = {isa = PBXFileReference; lastKnownFileType = sourcecode.c.objc; path = main.m; sourceTree = "<group>"; };
		A21AB6151F3AB65D004DA5AB /* AppDelegate.h */ = {isa = PBXFileReference; lastKnownFileType = sourcecode.c.h; path = AppDelegate.h; sourceTree = "<group>"; };
		A21AB6161F3AB65D004DA5AB /* AppDelegate.m */ = {isa = PBXFileReference; lastKnownFileType = sourcecode.c.objc; path = AppDelegate.m; sourceTree = "<group>"; };
		A21AB6181F3AB65D004DA5AB /* ViewController.h */ = {isa = PBXFileReference; lastKnownFileType = sourcecode.c.h; path = ViewController.h; sourceTree = "<group>"; };
		A21AB6191F3AB65D004DA5AB /* ViewController.m */ = {isa = PBXFileReference; lastKnownFileType = sourcecode.c.objc; path = ViewController.m; sourceTree = "<group>"; };
		A21AB61C1F3AB65D004DA5AB /* Base */ = {isa = PBXFileReference; lastKnownFileType = file.storyboard; name = Base; path = Base.lproj/Main.storyboard; sourceTree = "<group>"; };
		A21AB61E1F3AB65D004DA5AB /* Assets.xcassets */ = {isa = PBXFileReference; lastKnownFileType = folder.assetcatalog; path = Assets.xcassets; sourceTree = "<group>"; };
		A21AB6211F3AB65D004DA5AB /* Base */ = {isa = PBXFileReference; lastKnownFileType = file.storyboard; name = Base; path = Base.lproj/LaunchScreen.storyboard; sourceTree = "<group>"; };
		A21AB6231F3AB65D004DA5AB /* Info.plist */ = {isa = PBXFileReference; lastKnownFileType = text.plist.xml; path = Info.plist; sourceTree = "<group>"; };
		A21AB62D1F3AB99A004DA5AB /* MMPictureCell.h */ = {isa = PBXFileReference; fileEncoding = 4; lastKnownFileType = sourcecode.c.h; name = MMPictureCell.h; path = ImagePicker/MMPictureCell.h; sourceTree = "<group>"; };
		A21AB62E1F3AB99A004DA5AB /* MMPictureCell.m */ = {isa = PBXFileReference; fileEncoding = 4; lastKnownFileType = sourcecode.c.objc; name = MMPictureCell.m; path = ImagePicker/MMPictureCell.m; sourceTree = "<group>"; };
		A21AB6311F3AD674004DA5AB /* AssetsLibrary.framework */ = {isa = PBXFileReference; lastKnownFileType = wrapper.framework; name = AssetsLibrary.framework; path = System/Library/Frameworks/AssetsLibrary.framework; sourceTree = SDKROOT; };
		A21AB6341F3AD6F4004DA5AB /* ALAsset+MMIPC.h */ = {isa = PBXFileReference; fileEncoding = 4; lastKnownFileType = sourcecode.c.h; path = "ALAsset+MMIPC.h"; sourceTree = "<group>"; };
		A21AB6351F3AD6F4004DA5AB /* ALAsset+MMIPC.m */ = {isa = PBXFileReference; fileEncoding = 4; lastKnownFileType = sourcecode.c.objc; path = "ALAsset+MMIPC.m"; sourceTree = "<group>"; };
		A21AB6371F3AD9E2004DA5AB /* AssetHelper.h */ = {isa = PBXFileReference; fileEncoding = 4; lastKnownFileType = sourcecode.c.h; path = AssetHelper.h; sourceTree = "<group>"; };
		A21AB6381F3AD9E2004DA5AB /* AssetHelper.m */ = {isa = PBXFileReference; fileEncoding = 4; lastKnownFileType = sourcecode.c.objc; path = AssetHelper.m; sourceTree = "<group>"; };
		A21AB63A1F3AE2F3004DA5AB /* UIKit.framework */ = {isa = PBXFileReference; lastKnownFileType = wrapper.framework; name = UIKit.framework; path = System/Library/Frameworks/UIKit.framework; sourceTree = SDKROOT; };
		A21AB63C1F3B02B1004DA5AB /* MMImagePickerCell.h */ = {isa = PBXFileReference; fileEncoding = 4; lastKnownFileType = sourcecode.c.h; path = MMImagePickerCell.h; sourceTree = "<group>"; };
		A21AB63D1F3B02B1004DA5AB /* MMImagePickerCell.m */ = {isa = PBXFileReference; fileEncoding = 4; lastKnownFileType = sourcecode.c.objc; path = MMImagePickerCell.m; sourceTree = "<group>"; };
		A21AB6401F3B09B7004DA5AB /* UIColor+MM.h */ = {isa = PBXFileReference; fileEncoding = 4; lastKnownFileType = sourcecode.c.h; path = "UIColor+MM.h"; sourceTree = "<group>"; };
		A21AB6411F3B09B7004DA5AB /* UIColor+MM.m */ = {isa = PBXFileReference; fileEncoding = 4; lastKnownFileType = sourcecode.c.objc; path = "UIColor+MM.m"; sourceTree = "<group>"; };
		A21AB6431F3B2CC3004DA5AB /* MMImagePickerViewController.h */ = {isa = PBXFileReference; fileEncoding = 4; lastKnownFileType = sourcecode.c.h; name = MMImagePickerViewController.h; path = ImagePicker/MMImagePickerViewController.h; sourceTree = "<group>"; };
		A21AB6441F3B2CC3004DA5AB /* MMImagePickerViewController.m */ = {isa = PBXFileReference; fileEncoding = 4; lastKnownFileType = sourcecode.c.objc; name = MMImagePickerViewController.m; path = ImagePicker/MMImagePickerViewController.m; sourceTree = "<group>"; };
		A21AB6461F3B3AC3004DA5AB /* MMPreviewImageCell.h */ = {isa = PBXFileReference; fileEncoding = 4; lastKnownFileType = sourcecode.c.h; path = MMPreviewImageCell.h; sourceTree = "<group>"; };
		A21AB6471F3B3AC3004DA5AB /* MMPreviewImageCell.m */ = {isa = PBXFileReference; fileEncoding = 4; lastKnownFileType = sourcecode.c.objc; path = MMPreviewImageCell.m; sourceTree = "<group>"; };
		A26717241F3D832C0088204C /* MMImageView.h */ = {isa = PBXFileReference; fileEncoding = 4; lastKnownFileType = sourcecode.c.h; path = MMImageView.h; sourceTree = "<group>"; };
		A26717251F3D832C0088204C /* MMImageView.m */ = {isa = PBXFileReference; fileEncoding = 4; lastKnownFileType = sourcecode.c.objc; path = MMImageView.m; sourceTree = "<group>"; };
		A26717271F3D87590088204C /* Accelerate.framework */ = {isa = PBXFileReference; lastKnownFileType = wrapper.framework; name = Accelerate.framework; path = System/Library/Frameworks/Accelerate.framework; sourceTree = SDKROOT; };
		A26717291F3D89370088204C /* NSString+MM.h */ = {isa = PBXFileReference; fileEncoding = 4; lastKnownFileType = sourcecode.c.h; path = "NSString+MM.h"; sourceTree = "<group>"; };
		A267172A1F3D89370088204C /* NSString+MM.m */ = {isa = PBXFileReference; fileEncoding = 4; lastKnownFileType = sourcecode.c.objc; path = "NSString+MM.m"; sourceTree = "<group>"; };
		A267172C1F3DA59A0088204C /* MMAssistant.h */ = {isa = PBXFileReference; fileEncoding = 4; lastKnownFileType = sourcecode.c.h; path = MMAssistant.h; sourceTree = "<group>"; };
		A267172D1F3DA59A0088204C /* MMAssistant.m */ = {isa = PBXFileReference; fileEncoding = 4; lastKnownFileType = sourcecode.c.objc; path = MMAssistant.m; sourceTree = "<group>"; };
		A2EE03E71F3BF1890004C78D /* YH_PhotoInfo.h */ = {isa = PBXFileReference; fileEncoding = 4; lastKnownFileType = sourcecode.c.h; path = YH_PhotoInfo.h; sourceTree = "<group>"; };
		A2EE03E81F3BF1890004C78D /* YH_PhotoInfo.m */ = {isa = PBXFileReference; fileEncoding = 4; lastKnownFileType = sourcecode.c.objc; path = YH_PhotoInfo.m; sourceTree = "<group>"; };
		A2EE03EE1F3C0E350004C78D /* PrefixHeader.pch */ = {isa = PBXFileReference; fileEncoding = 4; lastKnownFileType = sourcecode.c.h; path = PrefixHeader.pch; sourceTree = "<group>"; };
		AA2E3F10BE8D3AADF6B9B12C /* Pods-MMImagePicker.release.xcconfig */ = {isa = PBXFileReference; includeInIndex = 1; lastKnownFileType = text.xcconfig; name = "Pods-MMImagePicker.release.xcconfig"; path = "Pods/Target Support Files/Pods-MMImagePicker/Pods-MMImagePicker.release.xcconfig"; sourceTree = "<group>"; };
/* End PBXFileReference section */

/* Begin PBXFrameworksBuildPhase section */
		A21AB60C1F3AB65D004DA5AB /* Frameworks */ = {
			isa = PBXFrameworksBuildPhase;
			buildActionMask = 2147483647;
			files = (
				A26717281F3D87590088204C /* Accelerate.framework in Frameworks */,
				106BE8F42074D6D26C78D34C /* libPods-MMImagePicker.a in Frameworks */,
			);
			runOnlyForDeploymentPostprocessing = 0;
		};
/* End PBXFrameworksBuildPhase section */

/* Begin PBXGroup section */
		341E62F39C0CBFB6B1E1EE98 /* Pods */ = {
			isa = PBXGroup;
			children = (
				5DC4C15AC5E5DD05844A6B0A /* Pods-MMImagePicker.debug.xcconfig */,
				AA2E3F10BE8D3AADF6B9B12C /* Pods-MMImagePicker.release.xcconfig */,
			);
			name = Pods;
			sourceTree = "<group>";
		};
		A21AB6061F3AB65D004DA5AB = {
			isa = PBXGroup;
			children = (
				A21AB6111F3AB65D004DA5AB /* MMImagePicker */,
				A21AB6101F3AB65D004DA5AB /* Products */,
				A21AB6301F3AD674004DA5AB /* Frameworks */,
				341E62F39C0CBFB6B1E1EE98 /* Pods */,
			);
			sourceTree = "<group>";
		};
		A21AB6101F3AB65D004DA5AB /* Products */ = {
			isa = PBXGroup;
			children = (
				A21AB60F1F3AB65D004DA5AB /* MMImagePicker.app */,
			);
			name = Products;
			sourceTree = "<group>";
		};
		A21AB6111F3AB65D004DA5AB /* MMImagePicker */ = {
			isa = PBXGroup;
			children = (
				A21AB63F1F3B0999004DA5AB /* Categories */,
				A21AB6291F3AB956004DA5AB /* ImagePicker */,
				A21AB62D1F3AB99A004DA5AB /* MMPictureCell.h */,
				A21AB62E1F3AB99A004DA5AB /* MMPictureCell.m */,
				A21AB6431F3B2CC3004DA5AB /* MMImagePickerViewController.h */,
				A21AB6441F3B2CC3004DA5AB /* MMImagePickerViewController.m */,
				A21AB6151F3AB65D004DA5AB /* AppDelegate.h */,
				A21AB6161F3AB65D004DA5AB /* AppDelegate.m */,
				A21AB6181F3AB65D004DA5AB /* ViewController.h */,
				A21AB6191F3AB65D004DA5AB /* ViewController.m */,
				A21AB61B1F3AB65D004DA5AB /* Main.storyboard */,
				A21AB61E1F3AB65D004DA5AB /* Assets.xcassets */,
				A21AB6201F3AB65D004DA5AB /* LaunchScreen.storyboard */,
				A21AB6231F3AB65D004DA5AB /* Info.plist */,
				A21AB6121F3AB65D004DA5AB /* Supporting Files */,
			);
			path = MMImagePicker;
			sourceTree = "<group>";
		};
		A21AB6121F3AB65D004DA5AB /* Supporting Files */ = {
			isa = PBXGroup;
			children = (
				A21AB6131F3AB65D004DA5AB /* main.m */,
				A2EE03EE1F3C0E350004C78D /* PrefixHeader.pch */,
			);
			name = "Supporting Files";
			sourceTree = "<group>";
		};
		A21AB6291F3AB956004DA5AB /* ImagePicker */ = {
			isa = PBXGroup;
			children = (
				A21AB6341F3AD6F4004DA5AB /* ALAsset+MMIPC.h */,
				A21AB6351F3AD6F4004DA5AB /* ALAsset+MMIPC.m */,
				A21AB6371F3AD9E2004DA5AB /* AssetHelper.h */,
				A21AB6381F3AD9E2004DA5AB /* AssetHelper.m */,
				A21AB63C1F3B02B1004DA5AB /* MMImagePickerCell.h */,
				A21AB63D1F3B02B1004DA5AB /* MMImagePickerCell.m */,
				A21AB6461F3B3AC3004DA5AB /* MMPreviewImageCell.h */,
				A21AB6471F3B3AC3004DA5AB /* MMPreviewImageCell.m */,
				A2EE03E71F3BF1890004C78D /* YH_PhotoInfo.h */,
				A2EE03E81F3BF1890004C78D /* YH_PhotoInfo.m */,
			);
			path = ImagePicker;
			sourceTree = "<group>";
		};
		A21AB6301F3AD674004DA5AB /* Frameworks */ = {
			isa = PBXGroup;
			children = (
				A26717271F3D87590088204C /* Accelerate.framework */,
				A21AB63A1F3AE2F3004DA5AB /* UIKit.framework */,
				A21AB6311F3AD674004DA5AB /* AssetsLibrary.framework */,
				15D65069BC6653803D30A747 /* libPods-MMImagePicker.a */,
			);
			name = Frameworks;
			sourceTree = "<group>";
		};
		A21AB63F1F3B0999004DA5AB /* Categories */ = {
			isa = PBXGroup;
			children = (
				A21AB6401F3B09B7004DA5AB /* UIColor+MM.h */,
				A21AB6411F3B09B7004DA5AB /* UIColor+MM.m */,
				A26717291F3D89370088204C /* NSString+MM.h */,
				A267172A1F3D89370088204C /* NSString+MM.m */,
				A26717241F3D832C0088204C /* MMImageView.h */,
				A26717251F3D832C0088204C /* MMImageView.m */,
				A267172C1F3DA59A0088204C /* MMAssistant.h */,
				A267172D1F3DA59A0088204C /* MMAssistant.m */,
			);
			path = Categories;
			sourceTree = "<group>";
		};
/* End PBXGroup section */

/* Begin PBXNativeTarget section */
		A21AB60E1F3AB65D004DA5AB /* MMImagePicker */ = {
			isa = PBXNativeTarget;
			buildConfigurationList = A21AB6261F3AB65D004DA5AB /* Build configuration list for PBXNativeTarget "MMImagePicker" */;
			buildPhases = (
				F48DB94A40A90B2A6614BDC1 /* [CP] Check Pods Manifest.lock */,
				A21AB60B1F3AB65D004DA5AB /* Sources */,
				A21AB60C1F3AB65D004DA5AB /* Frameworks */,
				A21AB60D1F3AB65D004DA5AB /* Resources */,
				E323E1BE4BDF13B794DDCC2C /* [CP] Embed Pods Frameworks */,
				97C8D6DAE129004E4BDD1D61 /* [CP] Copy Pods Resources */,
			);
			buildRules = (
			);
			dependencies = (
			);
			name = MMImagePicker;
			productName = MMImagePicker;
			productReference = A21AB60F1F3AB65D004DA5AB /* MMImagePicker.app */;
			productType = "com.apple.product-type.application";
		};
/* End PBXNativeTarget section */

/* Begin PBXProject section */
		A21AB6071F3AB65D004DA5AB /* Project object */ = {
			isa = PBXProject;
			attributes = {
				LastUpgradeCheck = 0830;
				ORGANIZATIONNAME = mosquito;
				TargetAttributes = {
					A21AB60E1F3AB65D004DA5AB = {
						CreatedOnToolsVersion = 8.3.2;
						DevelopmentTeam = WKQV5DN8XZ;
						ProvisioningStyle = Automatic;
					};
				};
			};
			buildConfigurationList = A21AB60A1F3AB65D004DA5AB /* Build configuration list for PBXProject "MMImagePicker" */;
			compatibilityVersion = "Xcode 3.2";
			developmentRegion = English;
			hasScannedForEncodings = 0;
			knownRegions = (
				en,
				Base,
			);
			mainGroup = A21AB6061F3AB65D004DA5AB;
			productRefGroup = A21AB6101F3AB65D004DA5AB /* Products */;
			projectDirPath = "";
			projectRoot = "";
			targets = (
				A21AB60E1F3AB65D004DA5AB /* MMImagePicker */,
			);
		};
/* End PBXProject section */

/* Begin PBXResourcesBuildPhase section */
		A21AB60D1F3AB65D004DA5AB /* Resources */ = {
			isa = PBXResourcesBuildPhase;
			buildActionMask = 2147483647;
			files = (
				A21AB6221F3AB65D004DA5AB /* LaunchScreen.storyboard in Resources */,
				A21AB61F1F3AB65D004DA5AB /* Assets.xcassets in Resources */,
				A21AB61D1F3AB65D004DA5AB /* Main.storyboard in Resources */,
			);
			runOnlyForDeploymentPostprocessing = 0;
		};
/* End PBXResourcesBuildPhase section */

/* Begin PBXShellScriptBuildPhase section */
		97C8D6DAE129004E4BDD1D61 /* [CP] Copy Pods Resources */ = {
			isa = PBXShellScriptBuildPhase;
			buildActionMask = 2147483647;
			files = (
			);
			inputPaths = (
			);
			name = "[CP] Copy Pods Resources";
			outputPaths = (
			);
			runOnlyForDeploymentPostprocessing = 0;
			shellPath = /bin/sh;
			shellScript = "\"${SRCROOT}/Pods/Target Support Files/Pods-MMImagePicker/Pods-MMImagePicker-resources.sh\"\n";
			showEnvVarsInLog = 0;
		};
		E323E1BE4BDF13B794DDCC2C /* [CP] Embed Pods Frameworks */ = {
			isa = PBXShellScriptBuildPhase;
			buildActionMask = 2147483647;
			files = (
			);
			inputPaths = (
			);
			name = "[CP] Embed Pods Frameworks";
			outputPaths = (
			);
			runOnlyForDeploymentPostprocessing = 0;
			shellPath = /bin/sh;
			shellScript = "\"${SRCROOT}/Pods/Target Support Files/Pods-MMImagePicker/Pods-MMImagePicker-frameworks.sh\"\n";
			showEnvVarsInLog = 0;
		};
		F48DB94A40A90B2A6614BDC1 /* [CP] Check Pods Manifest.lock */ = {
			isa = PBXShellScriptBuildPhase;
			buildActionMask = 2147483647;
			files = (
			);
			inputPaths = (
			);
			name = "[CP] Check Pods Manifest.lock";
			outputPaths = (
			);
			runOnlyForDeploymentPostprocessing = 0;
			shellPath = /bin/sh;
			shellScript = "diff \"${PODS_PODFILE_DIR_PATH}/Podfile.lock\" \"${PODS_ROOT}/Manifest.lock\" > /dev/null\nif [ $? != 0 ] ; then\n    # print error to STDERR\n    echo \"error: The sandbox is not in sync with the Podfile.lock. Run 'pod install' or update your CocoaPods installation.\" >&2\n    exit 1\nfi\n";
			showEnvVarsInLog = 0;
		};
/* End PBXShellScriptBuildPhase section */

/* Begin PBXSourcesBuildPhase section */
		A21AB60B1F3AB65D004DA5AB /* Sources */ = {
			isa = PBXSourcesBuildPhase;
			buildActionMask = 2147483647;
			files = (
				A21AB63E1F3B02B1004DA5AB /* MMImagePickerCell.m in Sources */,
				A21AB6451F3B2CC3004DA5AB /* MMImagePickerViewController.m in Sources */,
				A21AB6421F3B09B7004DA5AB /* UIColor+MM.m in Sources */,
				A26717261F3D832C0088204C /* MMImageView.m in Sources */,
				A21AB6391F3AD9E2004DA5AB /* AssetHelper.m in Sources */,
				A267172E1F3DA59A0088204C /* MMAssistant.m in Sources */,
				A21AB62F1F3AB99A004DA5AB /* MMPictureCell.m in Sources */,
				A267172B1F3D89370088204C /* NSString+MM.m in Sources */,
				A21AB6361F3AD6F4004DA5AB /* ALAsset+MMIPC.m in Sources */,
				A2EE03E91F3BF1890004C78D /* YH_PhotoInfo.m in Sources */,
				A21AB6481F3B3AC3004DA5AB /* MMPreviewImageCell.m in Sources */,
				A21AB61A1F3AB65D004DA5AB /* ViewController.m in Sources */,
				A21AB6171F3AB65D004DA5AB /* AppDelegate.m in Sources */,
				A21AB6141F3AB65D004DA5AB /* main.m in Sources */,
			);
			runOnlyForDeploymentPostprocessing = 0;
		};
/* End PBXSourcesBuildPhase section */

/* Begin PBXVariantGroup section */
		A21AB61B1F3AB65D004DA5AB /* Main.storyboard */ = {
			isa = PBXVariantGroup;
			children = (
				A21AB61C1F3AB65D004DA5AB /* Base */,
			);
			name = Main.storyboard;
			sourceTree = "<group>";
		};
		A21AB6201F3AB65D004DA5AB /* LaunchScreen.storyboard */ = {
			isa = PBXVariantGroup;
			children = (
				A21AB6211F3AB65D004DA5AB /* Base */,
			);
			name = LaunchScreen.storyboard;
			sourceTree = "<group>";
		};
/* End PBXVariantGroup section */

/* Begin XCBuildConfiguration section */
		A21AB6241F3AB65D004DA5AB /* Debug */ = {
			isa = XCBuildConfiguration;
			buildSettings = {
				ALWAYS_SEARCH_USER_PATHS = NO;
				CLANG_ANALYZER_NONNULL = YES;
				CLANG_ANALYZER_NUMBER_OBJECT_CONVERSION = YES_AGGRESSIVE;
				CLANG_CXX_LANGUAGE_STANDARD = "gnu++0x";
				CLANG_CXX_LIBRARY = "libc++";
				CLANG_ENABLE_MODULES = YES;
				CLANG_ENABLE_OBJC_ARC = YES;
				CLANG_WARN_BOOL_CONVERSION = YES;
				CLANG_WARN_CONSTANT_CONVERSION = YES;
				CLANG_WARN_DIRECT_OBJC_ISA_USAGE = YES_ERROR;
				CLANG_WARN_DOCUMENTATION_COMMENTS = YES;
				CLANG_WARN_EMPTY_BODY = YES;
				CLANG_WARN_ENUM_CONVERSION = YES;
				CLANG_WARN_INFINITE_RECURSION = YES;
				CLANG_WARN_INT_CONVERSION = YES;
				CLANG_WARN_OBJC_ROOT_CLASS = YES_ERROR;
				CLANG_WARN_SUSPICIOUS_MOVE = YES;
				CLANG_WARN_UNREACHABLE_CODE = YES;
				CLANG_WARN__DUPLICATE_METHOD_MATCH = YES;
				"CODE_SIGN_IDENTITY[sdk=iphoneos*]" = "iPhone Developer";
				COPY_PHASE_STRIP = NO;
				DEBUG_INFORMATION_FORMAT = dwarf;
				ENABLE_STRICT_OBJC_MSGSEND = YES;
				ENABLE_TESTABILITY = YES;
				GCC_C_LANGUAGE_STANDARD = gnu99;
				GCC_DYNAMIC_NO_PIC = NO;
				GCC_NO_COMMON_BLOCKS = YES;
				GCC_OPTIMIZATION_LEVEL = 0;
				GCC_PREPROCESSOR_DEFINITIONS = (
					"DEBUG=1",
					"$(inherited)",
				);
				GCC_WARN_64_TO_32_BIT_CONVERSION = YES;
				GCC_WARN_ABOUT_RETURN_TYPE = YES_ERROR;
				GCC_WARN_UNDECLARED_SELECTOR = YES;
				GCC_WARN_UNINITIALIZED_AUTOS = YES_AGGRESSIVE;
				GCC_WARN_UNUSED_FUNCTION = YES;
				GCC_WARN_UNUSED_VARIABLE = YES;
				IPHONEOS_DEPLOYMENT_TARGET = 10.3;
				MTL_ENABLE_DEBUG_INFO = YES;
				ONLY_ACTIVE_ARCH = YES;
				SDKROOT = iphoneos;
			};
			name = Debug;
		};
		A21AB6251F3AB65D004DA5AB /* Release */ = {
			isa = XCBuildConfiguration;
			buildSettings = {
				ALWAYS_SEARCH_USER_PATHS = NO;
				CLANG_ANALYZER_NONNULL = YES;
				CLANG_ANALYZER_NUMBER_OBJECT_CONVERSION = YES_AGGRESSIVE;
				CLANG_CXX_LANGUAGE_STANDARD = "gnu++0x";
				CLANG_CXX_LIBRARY = "libc++";
				CLANG_ENABLE_MODULES = YES;
				CLANG_ENABLE_OBJC_ARC = YES;
				CLANG_WARN_BOOL_CONVERSION = YES;
				CLANG_WARN_CONSTANT_CONVERSION = YES;
				CLANG_WARN_DIRECT_OBJC_ISA_USAGE = YES_ERROR;
				CLANG_WARN_DOCUMENTATION_COMMENTS = YES;
				CLANG_WARN_EMPTY_BODY = YES;
				CLANG_WARN_ENUM_CONVERSION = YES;
				CLANG_WARN_INFINITE_RECURSION = YES;
				CLANG_WARN_INT_CONVERSION = YES;
				CLANG_WARN_OBJC_ROOT_CLASS = YES_ERROR;
				CLANG_WARN_SUSPICIOUS_MOVE = YES;
				CLANG_WARN_UNREACHABLE_CODE = YES;
				CLANG_WARN__DUPLICATE_METHOD_MATCH = YES;
				"CODE_SIGN_IDENTITY[sdk=iphoneos*]" = "iPhone Developer";
				COPY_PHASE_STRIP = NO;
				DEBUG_INFORMATION_FORMAT = "dwarf-with-dsym";
				ENABLE_NS_ASSERTIONS = NO;
				ENABLE_STRICT_OBJC_MSGSEND = YES;
				GCC_C_LANGUAGE_STANDARD = gnu99;
				GCC_NO_COMMON_BLOCKS = YES;
				GCC_WARN_64_TO_32_BIT_CONVERSION = YES;
				GCC_WARN_ABOUT_RETURN_TYPE = YES_ERROR;
				GCC_WARN_UNDECLARED_SELECTOR = YES;
				GCC_WARN_UNINITIALIZED_AUTOS = YES_AGGRESSIVE;
				GCC_WARN_UNUSED_FUNCTION = YES;
				GCC_WARN_UNUSED_VARIABLE = YES;
				IPHONEOS_DEPLOYMENT_TARGET = 10.3;
				MTL_ENABLE_DEBUG_INFO = NO;
				SDKROOT = iphoneos;
				VALIDATE_PRODUCT = YES;
			};
			name = Release;
		};
		A21AB6271F3AB65D004DA5AB /* Debug */ = {
			isa = XCBuildConfiguration;
			baseConfigurationReference = 5DC4C15AC5E5DD05844A6B0A /* Pods-MMImagePicker.debug.xcconfig */;
			buildSettings = {
				ALWAYS_SEARCH_USER_PATHS = YES;
				ASSETCATALOG_COMPILER_APPICON_NAME = AppIcon;
				DEVELOPMENT_TEAM = WKQV5DN8XZ;
				GCC_PRECOMPILE_PREFIX_HEADER = YES;
				GCC_PREFIX_HEADER = MMImagePicker/PrefixHeader.pch;
				HEADER_SEARCH_PATHS = (
					"$(inherited)",
					"\"${PODS_ROOT}/Headers/Public/pop\"",
					"\"${PODS_ROOT}/Headers/Public/POP+MCAnimate\"",
				);
				INFOPLIST_FILE = MMImagePicker/Info.plist;
				IPHONEOS_DEPLOYMENT_TARGET = 8.0;
				LD_RUNPATH_SEARCH_PATHS = "$(inherited) @executable_path/Frameworks";
				PRODUCT_BUNDLE_IDENTIFIER = com.mosquito.MMImagePicker;
				PRODUCT_NAME = "$(TARGET_NAME)";
				USER_HEADER_SEARCH_PATHS = "${SRCROOT}/**";
			};
			name = Debug;
		};
		A21AB6281F3AB65D004DA5AB /* Release */ = {
			isa = XCBuildConfiguration;
			baseConfigurationReference = AA2E3F10BE8D3AADF6B9B12C /* Pods-MMImagePicker.release.xcconfig */;
			buildSettings = {
				ALWAYS_SEARCH_USER_PATHS = YES;
				ASSETCATALOG_COMPILER_APPICON_NAME = AppIcon;
				DEVELOPMENT_TEAM = WKQV5DN8XZ;
				GCC_PRECOMPILE_PREFIX_HEADER = YES;
				GCC_PREFIX_HEADER = MMImagePicker/PrefixHeader.pch;
				HEADER_SEARCH_PATHS = (
					"$(inherited)",
					"\"${PODS_ROOT}/Headers/Public/pop\"",
					"\"${PODS_ROOT}/Headers/Public/POP+MCAnimate\"",
				);
				INFOPLIST_FILE = MMImagePicker/Info.plist;
				IPHONEOS_DEPLOYMENT_TARGET = 8.0;
				LD_RUNPATH_SEARCH_PATHS = "$(inherited) @executable_path/Frameworks";
				PRODUCT_BUNDLE_IDENTIFIER = com.mosquito.MMImagePicker;
				PRODUCT_NAME = "$(TARGET_NAME)";
				USER_HEADER_SEARCH_PATHS = "${SRCROOT}/**";
			};
			name = Release;
		};
/* End XCBuildConfiguration section */

/* Begin XCConfigurationList section */
		A21AB60A1F3AB65D004DA5AB /* Build configuration list for PBXProject "MMImagePicker" */ = {
			isa = XCConfigurationList;
			buildConfigurations = (
				A21AB6241F3AB65D004DA5AB /* Debug */,
				A21AB6251F3AB65D004DA5AB /* Release */,
			);
			defaultConfigurationIsVisible = 0;
			defaultConfigurationName = Release;
		};
		A21AB6261F3AB65D004DA5AB /* Build configuration list for PBXNativeTarget "MMImagePicker" */ = {
			isa = XCConfigurationList;
			buildConfigurations = (
				A21AB6271F3AB65D004DA5AB /* Debug */,
				A21AB6281F3AB65D004DA5AB /* Release */,
			);
			defaultConfigurationIsVisible = 0;
			defaultConfigurationName = Release;
		};
/* End XCConfigurationList section */
	};
	rootObject = A21AB6071F3AB65D004DA5AB /* Project object */;
}
